// !$*UTF8*$!
{
	archiveVersion = 1;
	classes = {
	};
	objectVersion = 56;
	objects = {

/* Begin PBXBuildFile section */
		CB437DE3296B847E006C191E /* UITextViewExtension.swift in Sources */ = {isa = PBXBuildFile; fileRef = CB437DE2296B847E006C191E /* UITextViewExtension.swift */; };
		CB6DC76F297207830075DEA6 /* ComicNeue-Light.ttf in Resources */ = {isa = PBXBuildFile; fileRef = CB6DC769297207820075DEA6 /* ComicNeue-Light.ttf */; };
		CB6DC770297207830075DEA6 /* ComicNeue-Italic.ttf in Resources */ = {isa = PBXBuildFile; fileRef = CB6DC76A297207830075DEA6 /* ComicNeue-Italic.ttf */; };
		CB6DC771297207830075DEA6 /* ComicNeue-BoldItalic.ttf in Resources */ = {isa = PBXBuildFile; fileRef = CB6DC76B297207830075DEA6 /* ComicNeue-BoldItalic.ttf */; };
		CB6DC772297207830075DEA6 /* ComicNeue-Regular.ttf in Resources */ = {isa = PBXBuildFile; fileRef = CB6DC76C297207830075DEA6 /* ComicNeue-Regular.ttf */; };
		CB6DC773297207830075DEA6 /* ComicNeue-Bold.ttf in Resources */ = {isa = PBXBuildFile; fileRef = CB6DC76D297207830075DEA6 /* ComicNeue-Bold.ttf */; };
		CB6DC774297207830075DEA6 /* ComicNeue-LightItalic.ttf in Resources */ = {isa = PBXBuildFile; fileRef = CB6DC76E297207830075DEA6 /* ComicNeue-LightItalic.ttf */; };
		CB6DC7792973AA3C0075DEA6 /* RealmSwift in Frameworks */ = {isa = PBXBuildFile; productRef = CB6DC7782973AA3C0075DEA6 /* RealmSwift */; };
		CB6DC77B2974A6730075DEA6 /* Acronym.swift in Sources */ = {isa = PBXBuildFile; fileRef = CB6DC77A2974A6730075DEA6 /* Acronym.swift */; };
		CB6FF50228D5249C00DBB3AD /* AppDelegate.swift in Sources */ = {isa = PBXBuildFile; fileRef = CB6FF50128D5249C00DBB3AD /* AppDelegate.swift */; };
		CB6FF50428D5249C00DBB3AD /* SceneDelegate.swift in Sources */ = {isa = PBXBuildFile; fileRef = CB6FF50328D5249C00DBB3AD /* SceneDelegate.swift */; };
		CB6FF50928D5249C00DBB3AD /* Main.storyboard in Resources */ = {isa = PBXBuildFile; fileRef = CB6FF50728D5249C00DBB3AD /* Main.storyboard */; };
		CB6FF50B28D524A000DBB3AD /* Assets.xcassets in Resources */ = {isa = PBXBuildFile; fileRef = CB6FF50A28D524A000DBB3AD /* Assets.xcassets */; };
		CB6FF50E28D524A000DBB3AD /* LaunchScreen.storyboard in Resources */ = {isa = PBXBuildFile; fileRef = CB6FF50C28D524A000DBB3AD /* LaunchScreen.storyboard */; };
		CB6FF52F28DCC82800DBB3AD /* Slogan.swift in Sources */ = {isa = PBXBuildFile; fileRef = CB6FF52E28DCC82800DBB3AD /* Slogan.swift */; };
		CB980514296DF903005770B8 /* AcronymContentConfiguration.swift in Sources */ = {isa = PBXBuildFile; fileRef = CB980513296DF903005770B8 /* AcronymContentConfiguration.swift */; };
		CB9ED282296E2F3A008F9DC4 /* UIColorExtension.swift in Sources */ = {isa = PBXBuildFile; fileRef = CB9ED281296E2F3A008F9DC4 /* UIColorExtension.swift */; };
		CBB48CB329556249006C38EE /* StepsTableViewController.swift in Sources */ = {isa = PBXBuildFile; fileRef = CBB48CB229556249006C38EE /* StepsTableViewController.swift */; };
		CBB48CB7295562FD006C38EE /* SerenityPrayerViewController.swift in Sources */ = {isa = PBXBuildFile; fileRef = CBB48CB6295562FD006C38EE /* SerenityPrayerViewController.swift */; };
		CBBC4C062976604400D9FF2B /* WebPage.swift in Sources */ = {isa = PBXBuildFile; fileRef = CBBC4C052976604400D9FF2B /* WebPage.swift */; };
		CBBC4C092976622D00D9FF2B /* SwipeCellKit in Frameworks */ = {isa = PBXBuildFile; productRef = CBBC4C082976622D00D9FF2B /* SwipeCellKit */; };
		CBCDE36529624F760080B182 /* K.swift in Sources */ = {isa = PBXBuildFile; fileRef = CBCDE36429624F760080B182 /* K.swift */; };
		CBCDE367296271CB0080B182 /* SloganTableViewController.swift in Sources */ = {isa = PBXBuildFile; fileRef = CBCDE366296271CB0080B182 /* SloganTableViewController.swift */; };
		CBCF6FD729666A020039A2F0 /* Steps.swift in Sources */ = {isa = PBXBuildFile; fileRef = CBCF6FD629666A020039A2F0 /* Steps.swift */; };
		CBCF6FD92966706B0039A2F0 /* StepContentConfiguration.swift in Sources */ = {isa = PBXBuildFile; fileRef = CBCF6FD82966706B0039A2F0 /* StepContentConfiguration.swift */; };
		CBD0E400296B8F3300DF64D4 /* UIViewExtension.swift in Sources */ = {isa = PBXBuildFile; fileRef = CBD0E3FF296B8F3300DF64D4 /* UIViewExtension.swift */; };
		CBD11B47296CAF1700ACC03D /* SloganOfTheDayContentConfiguration.swift in Sources */ = {isa = PBXBuildFile; fileRef = CBD11B46296CAF1700ACC03D /* SloganOfTheDayContentConfiguration.swift */; };
		CBD11B49296CD0D800ACC03D /* SloganContentConfiguration.swift in Sources */ = {isa = PBXBuildFile; fileRef = CBD11B48296CD0D800ACC03D /* SloganContentConfiguration.swift */; };
		CBF764BE28DD60870072D01D /* StringExtensions.swift in Sources */ = {isa = PBXBuildFile; fileRef = CBF764BD28DD60870072D01D /* StringExtensions.swift */; };
		CBFDC9622977577300E30404 /* WebPageInfoTableViewController.swift in Sources */ = {isa = PBXBuildFile; fileRef = CBFDC9612977577300E30404 /* WebPageInfoTableViewController.swift */; };
		CBFDC9642977607800E30404 /* WebPageInfoContentConfiguration.swift in Sources */ = {isa = PBXBuildFile; fileRef = CBFDC9632977607800E30404 /* WebPageInfoContentConfiguration.swift */; };
/* End PBXBuildFile section */

/* Begin PBXFileReference section */
		CB437DE2296B847E006C191E /* UITextViewExtension.swift */ = {isa = PBXFileReference; lastKnownFileType = sourcecode.swift; path = UITextViewExtension.swift; sourceTree = "<group>"; };
		CB6DC769297207820075DEA6 /* ComicNeue-Light.ttf */ = {isa = PBXFileReference; lastKnownFileType = file; path = "ComicNeue-Light.ttf"; sourceTree = "<group>"; };
		CB6DC76A297207830075DEA6 /* ComicNeue-Italic.ttf */ = {isa = PBXFileReference; lastKnownFileType = file; path = "ComicNeue-Italic.ttf"; sourceTree = "<group>"; };
		CB6DC76B297207830075DEA6 /* ComicNeue-BoldItalic.ttf */ = {isa = PBXFileReference; lastKnownFileType = file; path = "ComicNeue-BoldItalic.ttf"; sourceTree = "<group>"; };
		CB6DC76C297207830075DEA6 /* ComicNeue-Regular.ttf */ = {isa = PBXFileReference; lastKnownFileType = file; path = "ComicNeue-Regular.ttf"; sourceTree = "<group>"; };
		CB6DC76D297207830075DEA6 /* ComicNeue-Bold.ttf */ = {isa = PBXFileReference; lastKnownFileType = file; path = "ComicNeue-Bold.ttf"; sourceTree = "<group>"; };
		CB6DC76E297207830075DEA6 /* ComicNeue-LightItalic.ttf */ = {isa = PBXFileReference; lastKnownFileType = file; path = "ComicNeue-LightItalic.ttf"; sourceTree = "<group>"; };
		CB6DC77A2974A6730075DEA6 /* Acronym.swift */ = {isa = PBXFileReference; lastKnownFileType = sourcecode.swift; path = Acronym.swift; sourceTree = "<group>"; };
		CB6FF4FE28D5249C00DBB3AD /* Sloganon.app */ = {isa = PBXFileReference; explicitFileType = wrapper.application; includeInIndex = 0; path = Sloganon.app; sourceTree = BUILT_PRODUCTS_DIR; };
		CB6FF50128D5249C00DBB3AD /* AppDelegate.swift */ = {isa = PBXFileReference; lastKnownFileType = sourcecode.swift; path = AppDelegate.swift; sourceTree = "<group>"; };
		CB6FF50328D5249C00DBB3AD /* SceneDelegate.swift */ = {isa = PBXFileReference; lastKnownFileType = sourcecode.swift; path = SceneDelegate.swift; sourceTree = "<group>"; };
		CB6FF50828D5249C00DBB3AD /* Base */ = {isa = PBXFileReference; lastKnownFileType = file.storyboard; name = Base; path = Base.lproj/Main.storyboard; sourceTree = "<group>"; };
		CB6FF50A28D524A000DBB3AD /* Assets.xcassets */ = {isa = PBXFileReference; lastKnownFileType = folder.assetcatalog; path = Assets.xcassets; sourceTree = "<group>"; };
		CB6FF50D28D524A000DBB3AD /* Base */ = {isa = PBXFileReference; lastKnownFileType = file.storyboard; name = Base; path = Base.lproj/LaunchScreen.storyboard; sourceTree = "<group>"; };
		CB6FF50F28D524A000DBB3AD /* Info.plist */ = {isa = PBXFileReference; lastKnownFileType = text.plist.xml; path = Info.plist; sourceTree = "<group>"; };
		CB6FF52E28DCC82800DBB3AD /* Slogan.swift */ = {isa = PBXFileReference; lastKnownFileType = sourcecode.swift; path = Slogan.swift; sourceTree = "<group>"; };
		CB980513296DF903005770B8 /* AcronymContentConfiguration.swift */ = {isa = PBXFileReference; lastKnownFileType = sourcecode.swift; path = AcronymContentConfiguration.swift; sourceTree = "<group>"; };
		CB9ED281296E2F3A008F9DC4 /* UIColorExtension.swift */ = {isa = PBXFileReference; lastKnownFileType = sourcecode.swift; path = UIColorExtension.swift; sourceTree = "<group>"; };
		CBB48CB229556249006C38EE /* StepsTableViewController.swift */ = {isa = PBXFileReference; lastKnownFileType = sourcecode.swift; path = StepsTableViewController.swift; sourceTree = "<group>"; };
		CBB48CB6295562FD006C38EE /* SerenityPrayerViewController.swift */ = {isa = PBXFileReference; lastKnownFileType = sourcecode.swift; path = SerenityPrayerViewController.swift; sourceTree = "<group>"; };
		CBBC4C052976604400D9FF2B /* WebPage.swift */ = {isa = PBXFileReference; lastKnownFileType = sourcecode.swift; path = WebPage.swift; sourceTree = "<group>"; };
		CBCDE36429624F760080B182 /* K.swift */ = {isa = PBXFileReference; lastKnownFileType = sourcecode.swift; path = K.swift; sourceTree = "<group>"; };
		CBCDE366296271CB0080B182 /* SloganTableViewController.swift */ = {isa = PBXFileReference; lastKnownFileType = sourcecode.swift; path = SloganTableViewController.swift; sourceTree = "<group>"; };
		CBCF6FD629666A020039A2F0 /* Steps.swift */ = {isa = PBXFileReference; lastKnownFileType = sourcecode.swift; path = Steps.swift; sourceTree = "<group>"; };
		CBCF6FD82966706B0039A2F0 /* StepContentConfiguration.swift */ = {isa = PBXFileReference; lastKnownFileType = sourcecode.swift; path = StepContentConfiguration.swift; sourceTree = "<group>"; };
		CBD0E3FF296B8F3300DF64D4 /* UIViewExtension.swift */ = {isa = PBXFileReference; lastKnownFileType = sourcecode.swift; path = UIViewExtension.swift; sourceTree = "<group>"; };
		CBD11B46296CAF1700ACC03D /* SloganOfTheDayContentConfiguration.swift */ = {isa = PBXFileReference; lastKnownFileType = sourcecode.swift; path = SloganOfTheDayContentConfiguration.swift; sourceTree = "<group>"; };
		CBD11B48296CD0D800ACC03D /* SloganContentConfiguration.swift */ = {isa = PBXFileReference; lastKnownFileType = sourcecode.swift; path = SloganContentConfiguration.swift; sourceTree = "<group>"; };
		CBF764BD28DD60870072D01D /* StringExtensions.swift */ = {isa = PBXFileReference; lastKnownFileType = sourcecode.swift; path = StringExtensions.swift; sourceTree = "<group>"; };
		CBFDC9612977577300E30404 /* WebPageInfoTableViewController.swift */ = {isa = PBXFileReference; lastKnownFileType = sourcecode.swift; path = WebPageInfoTableViewController.swift; sourceTree = "<group>"; };
		CBFDC9632977607800E30404 /* WebPageInfoContentConfiguration.swift */ = {isa = PBXFileReference; lastKnownFileType = sourcecode.swift; path = WebPageInfoContentConfiguration.swift; sourceTree = "<group>"; };
/* End PBXFileReference section */

/* Begin PBXFrameworksBuildPhase section */
		CB6FF4FB28D5249C00DBB3AD /* Frameworks */ = {
			isa = PBXFrameworksBuildPhase;
			buildActionMask = 2147483647;
			files = (
				CBBC4C092976622D00D9FF2B /* SwipeCellKit in Frameworks */,
				CB6DC7792973AA3C0075DEA6 /* RealmSwift in Frameworks */,
			);
			runOnlyForDeploymentPostprocessing = 0;
		};
/* End PBXFrameworksBuildPhase section */

/* Begin PBXGroup section */
		CB437DE1296B8402006C191E /* SupportingFiles */ = {
			isa = PBXGroup;
			children = (
				CB6FF50A28D524A000DBB3AD /* Assets.xcassets */,
				CBF764BD28DD60870072D01D /* StringExtensions.swift */,
				CB437DE2296B847E006C191E /* UITextViewExtension.swift */,
				CBD0E3FF296B8F3300DF64D4 /* UIViewExtension.swift */,
				CB9ED281296E2F3A008F9DC4 /* UIColorExtension.swift */,
				CB6DC76D297207830075DEA6 /* ComicNeue-Bold.ttf */,
				CB6DC76B297207830075DEA6 /* ComicNeue-BoldItalic.ttf */,
				CB6DC76A297207830075DEA6 /* ComicNeue-Italic.ttf */,
				CB6DC769297207820075DEA6 /* ComicNeue-Light.ttf */,
				CB6DC76E297207830075DEA6 /* ComicNeue-LightItalic.ttf */,
				CB6DC76C297207830075DEA6 /* ComicNeue-Regular.ttf */,
			);
			path = SupportingFiles;
			sourceTree = "<group>";
		};
		CB6FF4F528D5249C00DBB3AD = {
			isa = PBXGroup;
			children = (
				CB6FF50028D5249C00DBB3AD /* Sloganon */,
				CB6FF4FF28D5249C00DBB3AD /* Products */,
			);
			sourceTree = "<group>";
		};
		CB6FF4FF28D5249C00DBB3AD /* Products */ = {
			isa = PBXGroup;
			children = (
				CB6FF4FE28D5249C00DBB3AD /* Sloganon.app */,
			);
			name = Products;
			sourceTree = "<group>";
		};
		CB6FF50028D5249C00DBB3AD /* Sloganon */ = {
			isa = PBXGroup;
			children = (
				CB6FF50128D5249C00DBB3AD /* AppDelegate.swift */,
				CB6FF50328D5249C00DBB3AD /* SceneDelegate.swift */,
				CB6FF53028DCC83300DBB3AD /* Model */,
				CB6FF51528D524B900DBB3AD /* View */,
				CB6FF51628D524E300DBB3AD /* Controller */,
				CB437DE1296B8402006C191E /* SupportingFiles */,
				CB6FF50F28D524A000DBB3AD /* Info.plist */,
				CBCDE36429624F760080B182 /* K.swift */,
			);
			path = Sloganon;
			sourceTree = "<group>";
		};
		CB6FF51528D524B900DBB3AD /* View */ = {
			isa = PBXGroup;
			children = (
				CB6FF50C28D524A000DBB3AD /* LaunchScreen.storyboard */,
				CB6FF50728D5249C00DBB3AD /* Main.storyboard */,
				CBCF6FD82966706B0039A2F0 /* StepContentConfiguration.swift */,
				CBD11B46296CAF1700ACC03D /* SloganOfTheDayContentConfiguration.swift */,
				CBD11B48296CD0D800ACC03D /* SloganContentConfiguration.swift */,
				CB980513296DF903005770B8 /* AcronymContentConfiguration.swift */,
				CBFDC9632977607800E30404 /* WebPageInfoContentConfiguration.swift */,
			);
			path = View;
			sourceTree = "<group>";
		};
		CB6FF51628D524E300DBB3AD /* Controller */ = {
			isa = PBXGroup;
			children = (
				CBCDE366296271CB0080B182 /* SloganTableViewController.swift */,
				CBB48CB6295562FD006C38EE /* SerenityPrayerViewController.swift */,
				CBB48CB229556249006C38EE /* StepsTableViewController.swift */,
				CBFDC9612977577300E30404 /* WebPageInfoTableViewController.swift */,
			);
			path = Controller;
			sourceTree = "<group>";
		};
		CB6FF53028DCC83300DBB3AD /* Model */ = {
			isa = PBXGroup;
			children = (
				CB6FF52E28DCC82800DBB3AD /* Slogan.swift */,
				CBBC4C052976604400D9FF2B /* WebPage.swift */,
				CBCF6FD629666A020039A2F0 /* Steps.swift */,
				CB6DC77A2974A6730075DEA6 /* Acronym.swift */,
			);
			path = Model;
			sourceTree = "<group>";
		};
/* End PBXGroup section */

/* Begin PBXNativeTarget section */
		CB6FF4FD28D5249C00DBB3AD /* Sloganon */ = {
			isa = PBXNativeTarget;
			buildConfigurationList = CB6FF51228D524A000DBB3AD /* Build configuration list for PBXNativeTarget "Sloganon" */;
			buildPhases = (
				CB6FF4FA28D5249C00DBB3AD /* Sources */,
				CB6FF4FB28D5249C00DBB3AD /* Frameworks */,
				CB6FF4FC28D5249C00DBB3AD /* Resources */,
			);
			buildRules = (
			);
			dependencies = (
			);
			name = Sloganon;
			packageProductDependencies = (
				CB6DC7782973AA3C0075DEA6 /* RealmSwift */,
				CBBC4C082976622D00D9FF2B /* SwipeCellKit */,
			);
			productName = Sloganon;
			productReference = CB6FF4FE28D5249C00DBB3AD /* Sloganon.app */;
			productType = "com.apple.product-type.application";
		};
/* End PBXNativeTarget section */

/* Begin PBXProject section */
		CB6FF4F628D5249C00DBB3AD /* Project object */ = {
			isa = PBXProject;
			attributes = {
				BuildIndependentTargetsInParallel = 1;
				LastSwiftUpdateCheck = 1400;
				LastUpgradeCheck = 1400;
				TargetAttributes = {
					CB6FF4FD28D5249C00DBB3AD = {
						CreatedOnToolsVersion = 14.0;
					};
				};
			};
			buildConfigurationList = CB6FF4F928D5249C00DBB3AD /* Build configuration list for PBXProject "Sloganon" */;
			compatibilityVersion = "Xcode 14.0";
			developmentRegion = en;
			hasScannedForEncodings = 0;
			knownRegions = (
				en,
				Base,
			);
			mainGroup = CB6FF4F528D5249C00DBB3AD;
			packageReferences = (
				CB6DC7772973AA3B0075DEA6 /* XCRemoteSwiftPackageReference "realm-swift" */,
				CBBC4C072976622D00D9FF2B /* XCRemoteSwiftPackageReference "SwipeCellKit" */,
			);
			productRefGroup = CB6FF4FF28D5249C00DBB3AD /* Products */;
			projectDirPath = "";
			projectRoot = "";
			targets = (
				CB6FF4FD28D5249C00DBB3AD /* Sloganon */,
			);
		};
/* End PBXProject section */

/* Begin PBXResourcesBuildPhase section */
		CB6FF4FC28D5249C00DBB3AD /* Resources */ = {
			isa = PBXResourcesBuildPhase;
			buildActionMask = 2147483647;
			files = (
				CB6DC771297207830075DEA6 /* ComicNeue-BoldItalic.ttf in Resources */,
				CB6FF50E28D524A000DBB3AD /* LaunchScreen.storyboard in Resources */,
				CB6DC773297207830075DEA6 /* ComicNeue-Bold.ttf in Resources */,
				CB6FF50B28D524A000DBB3AD /* Assets.xcassets in Resources */,
				CB6FF50928D5249C00DBB3AD /* Main.storyboard in Resources */,
				CB6DC774297207830075DEA6 /* ComicNeue-LightItalic.ttf in Resources */,
				CB6DC76F297207830075DEA6 /* ComicNeue-Light.ttf in Resources */,
				CB6DC770297207830075DEA6 /* ComicNeue-Italic.ttf in Resources */,
				CB6DC772297207830075DEA6 /* ComicNeue-Regular.ttf in Resources */,
			);
			runOnlyForDeploymentPostprocessing = 0;
		};
/* End PBXResourcesBuildPhase section */

/* Begin PBXSourcesBuildPhase section */
		CB6FF4FA28D5249C00DBB3AD /* Sources */ = {
			isa = PBXSourcesBuildPhase;
			buildActionMask = 2147483647;
			files = (
				CBFDC9622977577300E30404 /* WebPageInfoTableViewController.swift in Sources */,
				CBB48CB7295562FD006C38EE /* SerenityPrayerViewController.swift in Sources */,
				CB437DE3296B847E006C191E /* UITextViewExtension.swift in Sources */,
				CB980514296DF903005770B8 /* AcronymContentConfiguration.swift in Sources */,
				CBD11B47296CAF1700ACC03D /* SloganOfTheDayContentConfiguration.swift in Sources */,
				CBFDC9642977607800E30404 /* WebPageInfoContentConfiguration.swift in Sources */,
				CBCDE36529624F760080B182 /* K.swift in Sources */,
				CBF764BE28DD60870072D01D /* StringExtensions.swift in Sources */,
				CBBC4C062976604400D9FF2B /* WebPage.swift in Sources */,
				CBD0E400296B8F3300DF64D4 /* UIViewExtension.swift in Sources */,
				CBD11B49296CD0D800ACC03D /* SloganContentConfiguration.swift in Sources */,
				CB6DC77B2974A6730075DEA6 /* Acronym.swift in Sources */,
				CBCF6FD729666A020039A2F0 /* Steps.swift in Sources */,
				CBCDE367296271CB0080B182 /* SloganTableViewController.swift in Sources */,
				CBCF6FD92966706B0039A2F0 /* StepContentConfiguration.swift in Sources */,
				CB6FF50228D5249C00DBB3AD /* AppDelegate.swift in Sources */,
				CB6FF50428D5249C00DBB3AD /* SceneDelegate.swift in Sources */,
				CB6FF52F28DCC82800DBB3AD /* Slogan.swift in Sources */,
				CBB48CB329556249006C38EE /* StepsTableViewController.swift in Sources */,
				CB9ED282296E2F3A008F9DC4 /* UIColorExtension.swift in Sources */,
			);
			runOnlyForDeploymentPostprocessing = 0;
		};
/* End PBXSourcesBuildPhase section */

/* Begin PBXVariantGroup section */
		CB6FF50728D5249C00DBB3AD /* Main.storyboard */ = {
			isa = PBXVariantGroup;
			children = (
				CB6FF50828D5249C00DBB3AD /* Base */,
			);
			name = Main.storyboard;
			sourceTree = "<group>";
		};
		CB6FF50C28D524A000DBB3AD /* LaunchScreen.storyboard */ = {
			isa = PBXVariantGroup;
			children = (
				CB6FF50D28D524A000DBB3AD /* Base */,
			);
			name = LaunchScreen.storyboard;
			sourceTree = "<group>";
		};
/* End PBXVariantGroup section */

/* Begin XCBuildConfiguration section */
		CB6FF51028D524A000DBB3AD /* Debug */ = {
			isa = XCBuildConfiguration;
			buildSettings = {
				ALWAYS_SEARCH_USER_PATHS = NO;
				CLANG_ANALYZER_NONNULL = YES;
				CLANG_ANALYZER_NUMBER_OBJECT_CONVERSION = YES_AGGRESSIVE;
				CLANG_CXX_LANGUAGE_STANDARD = "gnu++20";
				CLANG_ENABLE_MODULES = YES;
				CLANG_ENABLE_OBJC_ARC = YES;
				CLANG_ENABLE_OBJC_WEAK = YES;
				CLANG_WARN_BLOCK_CAPTURE_AUTORELEASING = YES;
				CLANG_WARN_BOOL_CONVERSION = YES;
				CLANG_WARN_COMMA = YES;
				CLANG_WARN_CONSTANT_CONVERSION = YES;
				CLANG_WARN_DEPRECATED_OBJC_IMPLEMENTATIONS = YES;
				CLANG_WARN_DIRECT_OBJC_ISA_USAGE = YES_ERROR;
				CLANG_WARN_DOCUMENTATION_COMMENTS = YES;
				CLANG_WARN_EMPTY_BODY = YES;
				CLANG_WARN_ENUM_CONVERSION = YES;
				CLANG_WARN_INFINITE_RECURSION = YES;
				CLANG_WARN_INT_CONVERSION = YES;
				CLANG_WARN_NON_LITERAL_NULL_CONVERSION = YES;
				CLANG_WARN_OBJC_IMPLICIT_RETAIN_SELF = YES;
				CLANG_WARN_OBJC_LITERAL_CONVERSION = YES;
				CLANG_WARN_OBJC_ROOT_CLASS = YES_ERROR;
				CLANG_WARN_QUOTED_INCLUDE_IN_FRAMEWORK_HEADER = YES;
				CLANG_WARN_RANGE_LOOP_ANALYSIS = YES;
				CLANG_WARN_STRICT_PROTOTYPES = YES;
				CLANG_WARN_SUSPICIOUS_MOVE = YES;
				CLANG_WARN_UNGUARDED_AVAILABILITY = YES_AGGRESSIVE;
				CLANG_WARN_UNREACHABLE_CODE = YES;
				CLANG_WARN__DUPLICATE_METHOD_MATCH = YES;
				COPY_PHASE_STRIP = NO;
				DEBUG_INFORMATION_FORMAT = dwarf;
				ENABLE_STRICT_OBJC_MSGSEND = YES;
				ENABLE_TESTABILITY = YES;
				GCC_C_LANGUAGE_STANDARD = gnu11;
				GCC_DYNAMIC_NO_PIC = NO;
				GCC_NO_COMMON_BLOCKS = YES;
				GCC_OPTIMIZATION_LEVEL = 0;
				GCC_PREPROCESSOR_DEFINITIONS = (
					"DEBUG=1",
					"$(inherited)",
				);
				GCC_WARN_64_TO_32_BIT_CONVERSION = YES;
				GCC_WARN_ABOUT_RETURN_TYPE = YES_ERROR;
				GCC_WARN_UNDECLARED_SELECTOR = YES;
				GCC_WARN_UNINITIALIZED_AUTOS = YES_AGGRESSIVE;
				GCC_WARN_UNUSED_FUNCTION = YES;
				GCC_WARN_UNUSED_VARIABLE = YES;
				IPHONEOS_DEPLOYMENT_TARGET = 15.6;
				MTL_ENABLE_DEBUG_INFO = INCLUDE_SOURCE;
				MTL_FAST_MATH = YES;
				ONLY_ACTIVE_ARCH = YES;
				SDKROOT = iphoneos;
				SWIFT_ACTIVE_COMPILATION_CONDITIONS = DEBUG;
				SWIFT_OPTIMIZATION_LEVEL = "-Onone";
			};
			name = Debug;
		};
		CB6FF51128D524A000DBB3AD /* Release */ = {
			isa = XCBuildConfiguration;
			buildSettings = {
				ALWAYS_SEARCH_USER_PATHS = NO;
				CLANG_ANALYZER_NONNULL = YES;
				CLANG_ANALYZER_NUMBER_OBJECT_CONVERSION = YES_AGGRESSIVE;
				CLANG_CXX_LANGUAGE_STANDARD = "gnu++20";
				CLANG_ENABLE_MODULES = YES;
				CLANG_ENABLE_OBJC_ARC = YES;
				CLANG_ENABLE_OBJC_WEAK = YES;
				CLANG_WARN_BLOCK_CAPTURE_AUTORELEASING = YES;
				CLANG_WARN_BOOL_CONVERSION = YES;
				CLANG_WARN_COMMA = YES;
				CLANG_WARN_CONSTANT_CONVERSION = YES;
				CLANG_WARN_DEPRECATED_OBJC_IMPLEMENTATIONS = YES;
				CLANG_WARN_DIRECT_OBJC_ISA_USAGE = YES_ERROR;
				CLANG_WARN_DOCUMENTATION_COMMENTS = YES;
				CLANG_WARN_EMPTY_BODY = YES;
				CLANG_WARN_ENUM_CONVERSION = YES;
				CLANG_WARN_INFINITE_RECURSION = YES;
				CLANG_WARN_INT_CONVERSION = YES;
				CLANG_WARN_NON_LITERAL_NULL_CONVERSION = YES;
				CLANG_WARN_OBJC_IMPLICIT_RETAIN_SELF = YES;
				CLANG_WARN_OBJC_LITERAL_CONVERSION = YES;
				CLANG_WARN_OBJC_ROOT_CLASS = YES_ERROR;
				CLANG_WARN_QUOTED_INCLUDE_IN_FRAMEWORK_HEADER = YES;
				CLANG_WARN_RANGE_LOOP_ANALYSIS = YES;
				CLANG_WARN_STRICT_PROTOTYPES = YES;
				CLANG_WARN_SUSPICIOUS_MOVE = YES;
				CLANG_WARN_UNGUARDED_AVAILABILITY = YES_AGGRESSIVE;
				CLANG_WARN_UNREACHABLE_CODE = YES;
				CLANG_WARN__DUPLICATE_METHOD_MATCH = YES;
				COPY_PHASE_STRIP = NO;
				DEBUG_INFORMATION_FORMAT = "dwarf-with-dsym";
				ENABLE_NS_ASSERTIONS = NO;
				ENABLE_STRICT_OBJC_MSGSEND = YES;
				GCC_C_LANGUAGE_STANDARD = gnu11;
				GCC_NO_COMMON_BLOCKS = YES;
				GCC_WARN_64_TO_32_BIT_CONVERSION = YES;
				GCC_WARN_ABOUT_RETURN_TYPE = YES_ERROR;
				GCC_WARN_UNDECLARED_SELECTOR = YES;
				GCC_WARN_UNINITIALIZED_AUTOS = YES_AGGRESSIVE;
				GCC_WARN_UNUSED_FUNCTION = YES;
				GCC_WARN_UNUSED_VARIABLE = YES;
				IPHONEOS_DEPLOYMENT_TARGET = 15.6;
				MTL_ENABLE_DEBUG_INFO = NO;
				MTL_FAST_MATH = YES;
				SDKROOT = iphoneos;
				SWIFT_COMPILATION_MODE = wholemodule;
				SWIFT_OPTIMIZATION_LEVEL = "-O";
				VALIDATE_PRODUCT = YES;
			};
			name = Release;
		};
		CB6FF51328D524A000DBB3AD /* Debug */ = {
			isa = XCBuildConfiguration;
			buildSettings = {
				ASSETCATALOG_COMPILER_APPICON_NAME = AppIcon;
				ASSETCATALOG_COMPILER_GLOBAL_ACCENT_COLOR_NAME = AccentColor;
				CODE_SIGN_STYLE = Automatic;
				CURRENT_PROJECT_VERSION = 1;
				DEVELOPMENT_TEAM = PJV7KY2Q33;
				GENERATE_INFOPLIST_FILE = YES;
				INFOPLIST_FILE = Sloganon/Info.plist;
				INFOPLIST_KEY_UIApplicationSupportsIndirectInputEvents = YES;
				INFOPLIST_KEY_UILaunchStoryboardName = LaunchScreen;
				INFOPLIST_KEY_UIMainStoryboardFile = Main;
				INFOPLIST_KEY_UISupportedInterfaceOrientations = UIInterfaceOrientationPortrait;
				IPHONEOS_DEPLOYMENT_TARGET = 15.6;
				LD_RUNPATH_SEARCH_PATHS = (
					"$(inherited)",
					"@executable_path/Frameworks",
				);
				MARKETING_VERSION = 1.0;
				PRODUCT_BUNDLE_IDENTIFIER = com.WakeHoodAndAssociates.Sloganon;
				PRODUCT_NAME = "$(TARGET_NAME)";
				SWIFT_EMIT_LOC_STRINGS = YES;
				SWIFT_VERSION = 5.0;
				TARGETED_DEVICE_FAMILY = "1,2";
			};
			name = Debug;
		};
		CB6FF51428D524A000DBB3AD /* Release */ = {
			isa = XCBuildConfiguration;
			buildSettings = {
				ASSETCATALOG_COMPILER_APPICON_NAME = AppIcon;
				ASSETCATALOG_COMPILER_GLOBAL_ACCENT_COLOR_NAME = AccentColor;
				CODE_SIGN_STYLE = Automatic;
				CURRENT_PROJECT_VERSION = 1;
				DEVELOPMENT_TEAM = PJV7KY2Q33;
				GENERATE_INFOPLIST_FILE = YES;
				INFOPLIST_FILE = Sloganon/Info.plist;
				INFOPLIST_KEY_UIApplicationSupportsIndirectInputEvents = YES;
				INFOPLIST_KEY_UILaunchStoryboardName = LaunchScreen;
				INFOPLIST_KEY_UIMainStoryboardFile = Main;
				INFOPLIST_KEY_UISupportedInterfaceOrientations = UIInterfaceOrientationPortrait;
				IPHONEOS_DEPLOYMENT_TARGET = 15.6;
				LD_RUNPATH_SEARCH_PATHS = (
					"$(inherited)",
					"@executable_path/Frameworks",
				);
				MARKETING_VERSION = 1.0;
				PRODUCT_BUNDLE_IDENTIFIER = com.WakeHoodAndAssociates.Sloganon;
				PRODUCT_NAME = "$(TARGET_NAME)";
				SWIFT_EMIT_LOC_STRINGS = YES;
				SWIFT_VERSION = 5.0;
				TARGETED_DEVICE_FAMILY = "1,2";
			};
			name = Release;
		};
/* End XCBuildConfiguration section */

/* Begin XCConfigurationList section */
		CB6FF4F928D5249C00DBB3AD /* Build configuration list for PBXProject "Sloganon" */ = {
			isa = XCConfigurationList;
			buildConfigurations = (
				CB6FF51028D524A000DBB3AD /* Debug */,
				CB6FF51128D524A000DBB3AD /* Release */,
			);
			defaultConfigurationIsVisible = 0;
			defaultConfigurationName = Release;
		};
		CB6FF51228D524A000DBB3AD /* Build configuration list for PBXNativeTarget "Sloganon" */ = {
			isa = XCConfigurationList;
			buildConfigurations = (
				CB6FF51328D524A000DBB3AD /* Debug */,
				CB6FF51428D524A000DBB3AD /* Release */,
			);
			defaultConfigurationIsVisible = 0;
			defaultConfigurationName = Release;
		};
/* End XCConfigurationList section */

/* Begin XCRemoteSwiftPackageReference section */
		CB6DC7772973AA3B0075DEA6 /* XCRemoteSwiftPackageReference "realm-swift" */ = {
			isa = XCRemoteSwiftPackageReference;
			repositoryURL = "https://github.com/realm/realm-swift.git";
			requirement = {
				branch = master;
				kind = branch;
			};
		};
		CBBC4C072976622D00D9FF2B /* XCRemoteSwiftPackageReference "SwipeCellKit" */ = {
			isa = XCRemoteSwiftPackageReference;
			repositoryURL = "https://github.com/SwipeCellKit/SwipeCellKit.git";
			requirement = {
				kind = upToNextMajorVersion;
				minimumVersion = 2.0.0;
			};
		};
/* End XCRemoteSwiftPackageReference section */

/* Begin XCSwiftPackageProductDependency section */
		CB6DC7782973AA3C0075DEA6 /* RealmSwift */ = {
			isa = XCSwiftPackageProductDependency;
			package = CB6DC7772973AA3B0075DEA6 /* XCRemoteSwiftPackageReference "realm-swift" */;
			productName = RealmSwift;
		};
		CBBC4C082976622D00D9FF2B /* SwipeCellKit */ = {
			isa = XCSwiftPackageProductDependency;
			package = CBBC4C072976622D00D9FF2B /* XCRemoteSwiftPackageReference "SwipeCellKit" */;
			productName = SwipeCellKit;
		};
/* End XCSwiftPackageProductDependency section */
	};
	rootObject = CB6FF4F628D5249C00DBB3AD /* Project object */;
}
